
Microsoft Visual Studio Solution File, Format Version 12.00
# Visual Studio 15
VisualStudioVersion = 15.0.28307.539
MinimumVisualStudioVersion = 10.0.40219.1
Project("{FAE04EC0-301F-11D3-BF4B-00C04F79EFBC}") = "WindowsFormsApp3", "WindowsFormsApp3\WindowsFormsApp3.csproj", "{EE914C94-03E1-4EC7-90A1-EDF07273BE9F}"
EndProject
Global
	GlobalSection(SolutionConfigurationPlatforms) = preSolution
		Debug|Any CPU = Debug|Any CPU
		Release|Any CPU = Release|Any CPU
	EndGlobalSection
	GlobalSection(ProjectConfigurationPlatforms) = postSolution
		{EE914C94-03E1-4EC7-90A1-EDF07273BE9F}.Debug|Any CPU.ActiveCfg = Debug|Any CPU
		{EE914C94-03E1-4EC7-90A1-EDF07273BE9F}.Debug|Any CPU.Build.0 = Debug|Any CPU
		{EE914C94-03E1-4EC7-90A1-EDF07273BE9F}.Release|Any CPU.ActiveCfg = Release|Any CPU
		{EE914C94-03E1-4EC7-90A1-EDF07273BE9F}.Release|Any CPU.Build.0 = Release|Any CPU
	EndGlobalSection
	GlobalSection(SolutionProperties) = preSolution
		HideSolutionNode = FALSE
	EndGlobalSection
	GlobalSection(ExtensibilityGlobals) = postSolution
		SolutionGuid = {426D8F70-06EE-4FB9-8BF3-B4C6A54B2091}
	EndGlobalSection
EndGlobal
